
Microsoft Visual Studio Solution File, Format Version 12.00
# Visual Studio 15
VisualStudioVersion = 15.0.27130.2027
MinimumVisualStudioVersion = 10.0.40219.1
Project("{FAE04EC0-301F-11D3-BF4B-00C04F79EFBC}") = "BookLibrary", "BookLibrary\BookLibrary.csproj", "{DD80F71D-6E26-4F40-B596-ECEC31E3E5A8}"
EndProject
Global
	GlobalSection(SolutionConfigurationPlatforms) = preSolution
		Debug|Any CPU = Debug|Any CPU
		Release|Any CPU = Release|Any CPU
	EndGlobalSection
	GlobalSection(ProjectConfigurationPlatforms) = postSolution
		{DD80F71D-6E26-4F40-B596-ECEC31E3E5A8}.Debug|Any CPU.ActiveCfg = Debug|Any CPU
		{DD80F71D-6E26-4F40-B596-ECEC31E3E5A8}.Debug|Any CPU.Build.0 = Debug|Any CPU
		{DD80F71D-6E26-4F40-B596-ECEC31E3E5A8}.Release|Any CPU.ActiveCfg = Release|Any CPU
		{DD80F71D-6E26-4F40-B596-ECEC31E3E5A8}.Release|Any CPU.Build.0 = Release|Any CPU
	EndGlobalSection
	GlobalSection(SolutionProperties) = preSolution
		HideSolutionNode = FALSE
	EndGlobalSection
	GlobalSection(ExtensibilityGlobals) = postSolution
		SolutionGuid = {9882D70E-5363-4CF5-82ED-534A1C67C956}
	EndGlobalSection
EndGlobal
